<?xml version="1.0" encoding="utf-8"?>
<Project ToolsVersion="4.0" xmlns="http://schemas.microsoft.com/developer/msbuild/2003">
  <ItemGroup>
    <Filter Include="mysql">
      <UniqueIdentifier>{6cddea85-36e8-493e-baae-2f34b3ab8a4e}</UniqueIdentifier>
    </Filter>
    <Filter Include="SDK">
      <UniqueIdentifier>{cd0528d2-67aa-44dd-b840-fd1d8bd7479a}</UniqueIdentifier>
    </Filter>
  </ItemGroup>
  <ItemGroup>
    <ClInclude Include="mysql\include\base64.h">
      <Filter>mysql</Filter>
    </ClInclude>
    <ClInclude Include="mysql\include\config-win.h">
      <Filter>mysql</Filter>
    </ClInclude>
    <ClInclude Include="mysql\include\decimal.h">
      <Filter>mysql</Filter>
    </ClInclude>
    <ClInclude Include="mysql\include\errmsg.h">
      <Filter>mysql</Filter>
    </ClInclude>
    <ClInclude Include="mysql\include\hash.h">
      <Filter>mysql</Filter>
    </ClInclude>
    <ClInclude Include="mysql\include\keycache.h">
      <Filter>mysql</Filter>
    </ClInclude>
    <ClInclude Include="mysql\include\lf.h">
      <Filter>mysql</Filter>
    </ClInclude>
    <ClInclude Include="mysql\include\m_ctype.h">
      <Filter>mysql</Filter>
    </ClInclude>
    <ClInclude Include="mysql\include\m_string.h">
      <Filter>mysql</Filter>
    </ClInclude>
    <ClInclude Include="mysql\include\my_aes.h">
      <Filter>mysql</Filter>
    </ClInclude>
    <ClInclude Include="mysql\include\my_alarm.h">
      <Filter>mysql</Filter>
    </ClInclude>
    <ClInclude Include="mysql\include\my_alloc.h">
      <Filter>mysql</Filter>
    </ClInclude>
    <ClInclude Include="mysql\include\my_atomic.h">
      <Filter>mysql</Filter>
    </ClInclude>
    <ClInclude Include="mysql\include\my_attribute.h">
      <Filter>mysql</Filter>
    </ClInclude>
    <ClInclude Include="mysql\include\my_base.h">
      <Filter>mysql</Filter>
    </ClInclude>
    <ClInclude Include="mysql\include\my_bit.h">
      <Filter>mysql</Filter>
    </ClInclude>
    <ClInclude Include="mysql\include\my_bitmap.h">
      <Filter>mysql</Filter>
    </ClInclude>
    <ClInclude Include="mysql\include\my_charsets.h">
      <Filter>mysql</Filter>
    </ClInclude>
    <ClInclude Include="mysql\include\my_config.h">
      <Filter>mysql</Filter>
    </ClInclude>
    <ClInclude Include="mysql\include\my_dbug.h">
      <Filter>mysql</Filter>
    </ClInclude>
    <ClInclude Include="mysql\include\my_dir.h">
      <Filter>mysql</Filter>
    </ClInclude>
    <ClInclude Include="mysql\include\my_getopt.h">
      <Filter>mysql</Filter>
    </ClInclude>
    <ClInclude Include="mysql\include\my_global.h">
      <Filter>mysql</Filter>
    </ClInclude>
    <ClInclude Include="mysql\include\my_libwrap.h">
      <Filter>mysql</Filter>
    </ClInclude>
    <ClInclude Include="mysql\include\my_list.h">
      <Filter>mysql</Filter>
    </ClInclude>
    <ClInclude Include="mysql\include\my_md5.h">
      <Filter>mysql</Filter>
    </ClInclude>
    <ClInclude Include="mysql\include\my_net.h">
      <Filter>mysql</Filter>
    </ClInclude>
    <ClInclude Include="mysql\include\my_no_pthread.h">
      <Filter>mysql</Filter>
    </ClInclude>
    <ClInclude Include="mysql\include\my_nosys.h">
      <Filter>mysql</Filter>
    </ClInclude>
    <ClInclude Include="mysql\include\my_pthread.h">
      <Filter>mysql</Filter>
    </ClInclude>
    <ClInclude Include="mysql\include\my_stacktrace.h">
      <Filter>mysql</Filter>
    </ClInclude>
    <ClInclude Include="mysql\include\my_sys.h">
      <Filter>mysql</Filter>
    </ClInclude>
    <ClInclude Include="mysql\include\my_time.h">
      <Filter>mysql</Filter>
    </ClInclude>
    <ClInclude Include="mysql\include\my_tree.h">
      <Filter>mysql</Filter>
    </ClInclude>
    <ClInclude Include="mysql\include\my_trie.h">
      <Filter>mysql</Filter>
    </ClInclude>
    <ClInclude Include="mysql\include\my_uctype.h">
      <Filter>mysql</Filter>
    </ClInclude>
    <ClInclude Include="mysql\include\my_vle.h">
      <Filter>mysql</Filter>
    </ClInclude>
    <ClInclude Include="mysql\include\my_xml.h">
      <Filter>mysql</Filter>
    </ClInclude>
    <ClInclude Include="mysql\include\myisampack.h">
      <Filter>mysql</Filter>
    </ClInclude>
    <ClInclude Include="mysql\include\mysql.h">
      <Filter>mysql</Filter>
    </ClInclude>
    <ClInclude Include="mysql\include\mysql_com.h">
      <Filter>mysql</Filter>
    </ClInclude>
    <ClInclude Include="mysql\include\mysql_time.h">
      <Filter>mysql</Filter>
    </ClInclude>
    <ClInclude Include="mysql\include\mysql_version.h">
      <Filter>mysql</Filter>
    </ClInclude>
    <ClInclude Include="mysql\include\mysqld_error.h">
      <Filter>mysql</Filter>
    </ClInclude>
    <ClInclude Include="mysql\include\mysys_err.h">
      <Filter>mysql</Filter>
    </ClInclude>
    <ClInclude Include="mysql\include\queues.h">
      <Filter>mysql</Filter>
    </ClInclude>
    <ClInclude Include="mysql\include\service_versions.h">
      <Filter>mysql</Filter>
    </ClInclude>
    <ClInclude Include="mysql\include\sha1.h">
      <Filter>mysql</Filter>
    </ClInclude>
    <ClInclude Include="mysql\include\sha2.h">
      <Filter>mysql</Filter>
    </ClInclude>
    <ClInclude Include="mysql\include\sql_common.h">
      <Filter>mysql</Filter>
    </ClInclude>
    <ClInclude Include="mysql\include\sslopt-case.h">
      <Filter>mysql</Filter>
    </ClInclude>
    <ClInclude Include="mysql\include\sslopt-longopts.h">
      <Filter>mysql</Filter>
    </ClInclude>
    <ClInclude Include="mysql\include\sslopt-vars.h">
      <Filter>mysql</Filter>
    </ClInclude>
    <ClInclude Include="mysql\include\t_ctype.h">
      <Filter>mysql</Filter>
    </ClInclude>
    <ClInclude Include="mysql\include\thr_alarm.h">
      <Filter>mysql</Filter>
    </ClInclude>
    <ClInclude Include="mysql\include\thr_lock.h">
      <Filter>mysql</Filter>
    </ClInclude>
    <ClInclude Include="mysql\include\typelib.h">
      <Filter>mysql</Filter>
    </ClInclude>
    <ClInclude Include="mysql\include\violite.h">
      <Filter>mysql</Filter>
    </ClInclude>
    <ClInclude Include="mysql\include\waiting_threads.h">
      <Filter>mysql</Filter>
    </ClInclude>
    <ClInclude Include="mysql\include\wqueue.h">
      <Filter>mysql</Filter>
    </ClInclude>
    <ClInclude Include="..\SDK\SQModule.h">
      <Filter>SDK</Filter>
    </ClInclude>
    <ClInclude Include="..\SDK\squirrel.h">
      <Filter>SDK</Filter>
    </ClInclude>
    <ClInclude Include="SQFuncs.h" />
    <ClInclude Include="SQMain.h" />
  </ItemGroup>
  <ItemGroup>
    <ClCompile Include="SQFuncs.c" />
    <ClCompile Include="SQMain.c" />
  </ItemGroup>
</Project>